
Microsoft Visual Studio Solution File, Format Version 12.00
Project("{FAE04EC0-301F-11D3-BF4B-00C04F79EFBC}") = "ReproWkhml", "ReproWkhml\ReproWkhml.csproj", "{C295F90A-DC29-4346-9E8B-CFE9FA6C6C73}"
EndProject
Project("{FAE04EC0-301F-11D3-BF4B-00C04F79EFBC}") = "Working31", "Working31\Working31.csproj", "{D7D3A5FD-9D8B-402F-A887-351408BB24D0}"
EndProject
Global
	GlobalSection(SolutionConfigurationPlatforms) = preSolution
		Debug|Any CPU = Debug|Any CPU
		Release|Any CPU = Release|Any CPU
	EndGlobalSection
	GlobalSection(ProjectConfigurationPlatforms) = postSolution
		{C295F90A-DC29-4346-9E8B-CFE9FA6C6C73}.Debug|Any CPU.ActiveCfg = Debug|Any CPU
		{C295F90A-DC29-4346-9E8B-CFE9FA6C6C73}.Debug|Any CPU.Build.0 = Debug|Any CPU
		{C295F90A-DC29-4346-9E8B-CFE9FA6C6C73}.Release|Any CPU.ActiveCfg = Release|Any CPU
		{C295F90A-DC29-4346-9E8B-CFE9FA6C6C73}.Release|Any CPU.Build.0 = Release|Any CPU
		{D7D3A5FD-9D8B-402F-A887-351408BB24D0}.Debug|Any CPU.ActiveCfg = Debug|Any CPU
		{D7D3A5FD-9D8B-402F-A887-351408BB24D0}.Debug|Any CPU.Build.0 = Debug|Any CPU
		{D7D3A5FD-9D8B-402F-A887-351408BB24D0}.Release|Any CPU.ActiveCfg = Release|Any CPU
		{D7D3A5FD-9D8B-402F-A887-351408BB24D0}.Release|Any CPU.Build.0 = Release|Any CPU
	EndGlobalSection
EndGlobal
